
Microsoft Visual Studio Solution File, Format Version 12.00
# Visual Studio Version 17
VisualStudioVersion = 17.5.33424.131
MinimumVisualStudioVersion = 10.0.40219.1
Project("{FAE04EC0-301F-11D3-BF4B-00C04F79EFBC}") = "MVCPractice2", "MVCPractice2\MVCPractice2.csproj", "{D7E5C1D2-FFD6-49E3-870E-AEC8E1CC6B53}"
EndProject
Global
	GlobalSection(SolutionConfigurationPlatforms) = preSolution
		Debug|Any CPU = Debug|Any CPU
		Release|Any CPU = Release|Any CPU
	EndGlobalSection
	GlobalSection(ProjectConfigurationPlatforms) = postSolution
		{D7E5C1D2-FFD6-49E3-870E-AEC8E1CC6B53}.Debug|Any CPU.ActiveCfg = Debug|Any CPU
		{D7E5C1D2-FFD6-49E3-870E-AEC8E1CC6B53}.Debug|Any CPU.Build.0 = Debug|Any CPU
		{D7E5C1D2-FFD6-49E3-870E-AEC8E1CC6B53}.Release|Any CPU.ActiveCfg = Release|Any CPU
		{D7E5C1D2-FFD6-49E3-870E-AEC8E1CC6B53}.Release|Any CPU.Build.0 = Release|Any CPU
	EndGlobalSection
	GlobalSection(SolutionProperties) = preSolution
		HideSolutionNode = FALSE
	EndGlobalSection
	GlobalSection(ExtensibilityGlobals) = postSolution
		SolutionGuid = {8079A005-AD5D-472A-B571-10123AA665B8}
	EndGlobalSection
EndGlobal
